{
  "lockfileVersion": 1,
  "workspaces": {
    "": {
      "dependencies": {
        "@axonotes/axogen": "^0.5.7",
        "zod": "^4.1.5",
      },
    },
  },
  "packages": {
    "@axonotes/axogen": ["@axonotes/axogen@0.5.7", "", { "dependencies": { "@dotenvx/dotenvx": "^1.48.3", "@iarna/toml": "^2.2.5", "@types/cson": "^7.20.3", "@types/hjson": "^2.4.6", "@types/ini": "^4.1.1", "@types/js-yaml": "^4.0.9", "@types/papaparse": "^5.3.16", "ansis": "^4.1.0", "chalk": "^5.4.1", "commander": "^14.0.0", "cson": "^8.4.0", "fast-xml-parser": "^5.2.5", "handlebars": "^4.7.8", "hjson": "^3.2.2", "ini": "^5.0.0", "jiti": "^2.4.2", "js-yaml": "^4.1.0", "json5": "^2.2.3", "jsonc-parser": "^3.3.1", "mustache": "^4.2.0", "nunjucks": "^3.2.4", "papaparse": "^5.5.3", "properties-file": "^3.5.13", "tsx": "^4.20.3", "zod": "^4.0.5" }, "peerDependencies": { "typescript": "^5" }, "bin": { "axogen": "bin/axogen.js" } }, "sha512-+zzESkEi9fYDYdSD34npufezgVS+aLuxl+AYtLg4w4Amyos2PDOuL8JFnSLY/NpVBX9zS5Kkwc+n2T5V0ahLOw=="],

    "@dotenvx/dotenvx": ["@dotenvx/dotenvx@1.49.0", "", { "dependencies": { "commander": "^11.1.0", "dotenv": "^17.2.1", "eciesjs": "^0.4.10", "execa": "^5.1.1", "fdir": "^6.2.0", "ignore": "^5.3.0", "object-treeify": "1.1.33", "picomatch": "^4.0.2", "which": "^4.0.0" }, "bin": { "dotenvx": "src/cli/dotenvx.js" } }, "sha512-M1cyP6YstFQCjih54SAxCqHLMMi8QqV8tenpgGE48RTXWD7vfMYJiw/6xcCDpS2h28AcLpTsFCZA863Ge9yxzA=="],

    "@ecies/ciphers": ["@ecies/ciphers@0.2.4", "", { "peerDependencies": { "@noble/ciphers": "^1.0.0" } }, "sha512-t+iX+Wf5nRKyNzk8dviW3Ikb/280+aEJAnw9YXvCp2tYGPSkMki+NRY+8aNLmVFv3eNtMdvViPNOPxS8SZNP+w=="],

    "@esbuild/aix-ppc64": ["@esbuild/aix-ppc64@0.25.9", "", { "os": "aix", "cpu": "ppc64" }, "sha512-OaGtL73Jck6pBKjNIe24BnFE6agGl+6KxDtTfHhy1HmhthfKouEcOhqpSL64K4/0WCtbKFLOdzD/44cJ4k9opA=="],

    "@esbuild/android-arm": ["@esbuild/android-arm@0.25.9", "", { "os": "android", "cpu": "arm" }, "sha512-5WNI1DaMtxQ7t7B6xa572XMXpHAaI/9Hnhk8lcxF4zVN4xstUgTlvuGDorBguKEnZO70qwEcLpfifMLoxiPqHQ=="],

    "@esbuild/android-arm64": ["@esbuild/android-arm64@0.25.9", "", { "os": "android", "cpu": "arm64" }, "sha512-IDrddSmpSv51ftWslJMvl3Q2ZT98fUSL2/rlUXuVqRXHCs5EUF1/f+jbjF5+NG9UffUDMCiTyh8iec7u8RlTLg=="],

    "@esbuild/android-x64": ["@esbuild/android-x64@0.25.9", "", { "os": "android", "cpu": "x64" }, "sha512-I853iMZ1hWZdNllhVZKm34f4wErd4lMyeV7BLzEExGEIZYsOzqDWDf+y082izYUE8gtJnYHdeDpN/6tUdwvfiw=="],

    "@esbuild/darwin-arm64": ["@esbuild/darwin-arm64@0.25.9", "", { "os": "darwin", "cpu": "arm64" }, "sha512-XIpIDMAjOELi/9PB30vEbVMs3GV1v2zkkPnuyRRURbhqjyzIINwj+nbQATh4H9GxUgH1kFsEyQMxwiLFKUS6Rg=="],

    "@esbuild/darwin-x64": ["@esbuild/darwin-x64@0.25.9", "", { "os": "darwin", "cpu": "x64" }, "sha512-jhHfBzjYTA1IQu8VyrjCX4ApJDnH+ez+IYVEoJHeqJm9VhG9Dh2BYaJritkYK3vMaXrf7Ogr/0MQ8/MeIefsPQ=="],

    "@esbuild/freebsd-arm64": ["@esbuild/freebsd-arm64@0.25.9", "", { "os": "freebsd", "cpu": "arm64" }, "sha512-z93DmbnY6fX9+KdD4Ue/H6sYs+bhFQJNCPZsi4XWJoYblUqT06MQUdBCpcSfuiN72AbqeBFu5LVQTjfXDE2A6Q=="],

    "@esbuild/freebsd-x64": ["@esbuild/freebsd-x64@0.25.9", "", { "os": "freebsd", "cpu": "x64" }, "sha512-mrKX6H/vOyo5v71YfXWJxLVxgy1kyt1MQaD8wZJgJfG4gq4DpQGpgTB74e5yBeQdyMTbgxp0YtNj7NuHN0PoZg=="],

    "@esbuild/linux-arm": ["@esbuild/linux-arm@0.25.9", "", { "os": "linux", "cpu": "arm" }, "sha512-HBU2Xv78SMgaydBmdor38lg8YDnFKSARg1Q6AT0/y2ezUAKiZvc211RDFHlEZRFNRVhcMamiToo7bDx3VEOYQw=="],

    "@esbuild/linux-arm64": ["@esbuild/linux-arm64@0.25.9", "", { "os": "linux", "cpu": "arm64" }, "sha512-BlB7bIcLT3G26urh5Dmse7fiLmLXnRlopw4s8DalgZ8ef79Jj4aUcYbk90g8iCa2467HX8SAIidbL7gsqXHdRw=="],

    "@esbuild/linux-ia32": ["@esbuild/linux-ia32@0.25.9", "", { "os": "linux", "cpu": "ia32" }, "sha512-e7S3MOJPZGp2QW6AK6+Ly81rC7oOSerQ+P8L0ta4FhVi+/j/v2yZzx5CqqDaWjtPFfYz21Vi1S0auHrap3Ma3A=="],

    "@esbuild/linux-loong64": ["@esbuild/linux-loong64@0.25.9", "", { "os": "linux", "cpu": "none" }, "sha512-Sbe10Bnn0oUAB2AalYztvGcK+o6YFFA/9829PhOCUS9vkJElXGdphz0A3DbMdP8gmKkqPmPcMJmJOrI3VYB1JQ=="],

    "@esbuild/linux-mips64el": ["@esbuild/linux-mips64el@0.25.9", "", { "os": "linux", "cpu": "none" }, "sha512-YcM5br0mVyZw2jcQeLIkhWtKPeVfAerES5PvOzaDxVtIyZ2NUBZKNLjC5z3/fUlDgT6w89VsxP2qzNipOaaDyA=="],

    "@esbuild/linux-ppc64": ["@esbuild/linux-ppc64@0.25.9", "", { "os": "linux", "cpu": "ppc64" }, "sha512-++0HQvasdo20JytyDpFvQtNrEsAgNG2CY1CLMwGXfFTKGBGQT3bOeLSYE2l1fYdvML5KUuwn9Z8L1EWe2tzs1w=="],

    "@esbuild/linux-riscv64": ["@esbuild/linux-riscv64@0.25.9", "", { "os": "linux", "cpu": "none" }, "sha512-uNIBa279Y3fkjV+2cUjx36xkx7eSjb8IvnL01eXUKXez/CBHNRw5ekCGMPM0BcmqBxBcdgUWuUXmVWwm4CH9kg=="],

    "@esbuild/linux-s390x": ["@esbuild/linux-s390x@0.25.9", "", { "os": "linux", "cpu": "s390x" }, "sha512-Mfiphvp3MjC/lctb+7D287Xw1DGzqJPb/J2aHHcHxflUo+8tmN/6d4k6I2yFR7BVo5/g7x2Monq4+Yew0EHRIA=="],

    "@esbuild/linux-x64": ["@esbuild/linux-x64@0.25.9", "", { "os": "linux", "cpu": "x64" }, "sha512-iSwByxzRe48YVkmpbgoxVzn76BXjlYFXC7NvLYq+b+kDjyyk30J0JY47DIn8z1MO3K0oSl9fZoRmZPQI4Hklzg=="],

    "@esbuild/netbsd-arm64": ["@esbuild/netbsd-arm64@0.25.9", "", { "os": "none", "cpu": "arm64" }, "sha512-9jNJl6FqaUG+COdQMjSCGW4QiMHH88xWbvZ+kRVblZsWrkXlABuGdFJ1E9L7HK+T0Yqd4akKNa/lO0+jDxQD4Q=="],

    "@esbuild/netbsd-x64": ["@esbuild/netbsd-x64@0.25.9", "", { "os": "none", "cpu": "x64" }, "sha512-RLLdkflmqRG8KanPGOU7Rpg829ZHu8nFy5Pqdi9U01VYtG9Y0zOG6Vr2z4/S+/3zIyOxiK6cCeYNWOFR9QP87g=="],

    "@esbuild/openbsd-arm64": ["@esbuild/openbsd-arm64@0.25.9", "", { "os": "openbsd", "cpu": "arm64" }, "sha512-YaFBlPGeDasft5IIM+CQAhJAqS3St3nJzDEgsgFixcfZeyGPCd6eJBWzke5piZuZ7CtL656eOSYKk4Ls2C0FRQ=="],

    "@esbuild/openbsd-x64": ["@esbuild/openbsd-x64@0.25.9", "", { "os": "openbsd", "cpu": "x64" }, "sha512-1MkgTCuvMGWuqVtAvkpkXFmtL8XhWy+j4jaSO2wxfJtilVCi0ZE37b8uOdMItIHz4I6z1bWWtEX4CJwcKYLcuA=="],

    "@esbuild/openharmony-arm64": ["@esbuild/openharmony-arm64@0.25.9", "", { "os": "none", "cpu": "arm64" }, "sha512-4Xd0xNiMVXKh6Fa7HEJQbrpP3m3DDn43jKxMjxLLRjWnRsfxjORYJlXPO4JNcXtOyfajXorRKY9NkOpTHptErg=="],

    "@esbuild/sunos-x64": ["@esbuild/sunos-x64@0.25.9", "", { "os": "sunos", "cpu": "x64" }, "sha512-WjH4s6hzo00nNezhp3wFIAfmGZ8U7KtrJNlFMRKxiI9mxEK1scOMAaa9i4crUtu+tBr+0IN6JCuAcSBJZfnphw=="],

    "@esbuild/win32-arm64": ["@esbuild/win32-arm64@0.25.9", "", { "os": "win32", "cpu": "arm64" }, "sha512-mGFrVJHmZiRqmP8xFOc6b84/7xa5y5YvR1x8djzXpJBSv/UsNK6aqec+6JDjConTgvvQefdGhFDAs2DLAds6gQ=="],

    "@esbuild/win32-ia32": ["@esbuild/win32-ia32@0.25.9", "", { "os": "win32", "cpu": "ia32" }, "sha512-b33gLVU2k11nVx1OhX3C8QQP6UHQK4ZtN56oFWvVXvz2VkDoe6fbG8TOgHFxEvqeqohmRnIHe5A1+HADk4OQww=="],

    "@esbuild/win32-x64": ["@esbuild/win32-x64@0.25.9", "", { "os": "win32", "cpu": "x64" }, "sha512-PPOl1mi6lpLNQxnGoyAfschAodRFYXJ+9fs6WHXz7CSWKbOqiMZsubC+BQsVKuul+3vKLuwTHsS2c2y9EoKwxQ=="],

    "@iarna/toml": ["@iarna/toml@2.2.5", "", {}, "sha512-trnsAYxU3xnS1gPHPyU961coFyLkh4gAD/0zQ5mymY4yOZ+CYvsPqUbOFSw0aDM4y0tV7tiFxL/1XfXPNC6IPg=="],

    "@noble/ciphers": ["@noble/ciphers@1.3.0", "", {}, "sha512-2I0gnIVPtfnMw9ee9h1dJG7tp81+8Ob3OJb3Mv37rx5L40/b0i7djjCVvGOVqc9AEIQyvyu1i6ypKdFw8R8gQw=="],

    "@noble/curves": ["@noble/curves@1.9.7", "", { "dependencies": { "@noble/hashes": "1.8.0" } }, "sha512-gbKGcRUYIjA3/zCCNaWDciTMFI0dCkvou3TL8Zmy5Nc7sJ47a0jtOeZoTaMxkuqRo9cRhjOdZJXegxYE5FN/xw=="],

    "@noble/hashes": ["@noble/hashes@1.8.0", "", {}, "sha512-jCs9ldd7NwzpgXDIf6P3+NrHh9/sD6CQdxHyjQI+h/6rDNo88ypBxxz45UDuZHz9r3tNz7N/VInSVoVdtXEI4A=="],

    "@types/cson": ["@types/cson@7.20.3", "", {}, "sha512-xR7h1q6iz2xXiaFjVmR+tBzLK+wLJ0dXenkpRAiI29S2Xd9jdq18th8D7ADvxe1ot2e8SFpBJUOTB/LEtZMZRA=="],

    "@types/hjson": ["@types/hjson@2.4.6", "", {}, "sha512-tEQ4hlyKfsb9WWeueUY5eRnU2eK+KdE0eofSpQ05v9Aah4VvWwIRIid/ZN1zZZ0TfeVTRDgabKKqKZXEkfD3Sw=="],

    "@types/ini": ["@types/ini@4.1.1", "", {}, "sha512-MIyNUZipBTbyUNnhvuXJTY7B6qNI78meck9Jbv3wk0OgNwRyOOVEKDutAkOs1snB/tx0FafyR6/SN4Ps0hZPeg=="],

    "@types/js-yaml": ["@types/js-yaml@4.0.9", "", {}, "sha512-k4MGaQl5TGo/iipqb2UDG2UwjXziSWkh0uysQelTlJpX1qGlpUZYm8PnO4DxG1qBomtJUdYJ6qR6xdIah10JLg=="],

    "@types/node": ["@types/node@24.3.3", "", { "dependencies": { "undici-types": "~7.10.0" } }, "sha512-GKBNHjoNw3Kra1Qg5UXttsY5kiWMEfoHq2TmXb+b1rcm6N7B3wTrFYIf/oSZ1xNQ+hVVijgLkiDZh7jRRsh+Gw=="],

    "@types/papaparse": ["@types/papaparse@5.3.16", "", { "dependencies": { "@types/node": "*" } }, "sha512-T3VuKMC2H0lgsjI9buTB3uuKj3EMD2eap1MOuEQuBQ44EnDx/IkGhU6EwiTf9zG3za4SKlmwKAImdDKdNnCsXg=="],

    "a-sync-waterfall": ["a-sync-waterfall@1.0.1", "", {}, "sha512-RYTOHHdWipFUliRFMCS4X2Yn2X8M87V/OpSqWzKKOGhzqyUxzyVmhHDH9sAvG+ZuQf/TAOFsLCpMw09I1ufUnA=="],

    "ansis": ["ansis@4.1.0", "", {}, "sha512-BGcItUBWSMRgOCe+SVZJ+S7yTRG0eGt9cXAHev72yuGcY23hnLA7Bky5L/xLyPINoSN95geovfBkqoTlNZYa7w=="],

    "argparse": ["argparse@2.0.1", "", {}, "sha512-8+9WqebbFzpX9OR+Wa6O29asIogeRMzcGtAINdpMHHyAg10f05aSFVBbcEqGf/PXw1EjAZ+q2/bEBg3DvurK3Q=="],

    "asap": ["asap@2.0.6", "", {}, "sha512-BSHWgDSAiKs50o2Re8ppvp3seVHXSRM44cdSsT9FfNEUUZLOGWVCsiWaRPWM1Znn+mqZ1OfVZ3z3DWEzSp7hRA=="],

    "chalk": ["chalk@5.6.2", "", {}, "sha512-7NzBL0rN6fMUW+f7A6Io4h40qQlG+xGmtMxfbnH/K7TAtt8JQWVQK+6g0UXKMeVJoyV5EkkNsErQ8pVD3bLHbA=="],

    "coffeescript": ["coffeescript@1.12.7", "", { "bin": { "coffee": "./bin/coffee", "cake": "./bin/cake" } }, "sha512-pLXHFxQMPklVoEekowk8b3erNynC+DVJzChxS/LCBBgR6/8AJkHivkm//zbowcfc7BTCAjryuhx6gPqPRfsFoA=="],

    "commander": ["commander@14.0.1", "", {}, "sha512-2JkV3gUZUVrbNA+1sjBOYLsMZ5cEEl8GTFP2a4AVz5hvasAMCQ1D2l2le/cX+pV4N6ZU17zjUahLpIXRrnWL8A=="],

    "cross-spawn": ["cross-spawn@7.0.6", "", { "dependencies": { "path-key": "^3.1.0", "shebang-command": "^2.0.0", "which": "^2.0.1" } }, "sha512-uV2QOWP2nWzsy2aMp8aRibhi9dlzF5Hgh5SHaB9OiTGEyDTiJJyx0uy51QXdyWbtAHNua4XJzUKca3OzKUd3vA=="],

    "cson": ["cson@8.4.0", "", { "dependencies": { "cson-parser": "^4.0.9", "extract-opts": "^5.8.0", "requirefresh": "^5.13.0", "safefs": "^8.9.0" }, "bin": { "cson": "bin.cjs", "cson2json": "bin.cjs", "json2cson": "bin.cjs" } }, "sha512-QwXDbiJodA3DFEKA888zTED28EZo2JC7EK2K3qVsUVbE0oKQVRZ4K+Ch/I8QaTYPZ9Q0GXG1BFK5dtcxd6C3mg=="],

    "cson-parser": ["cson-parser@4.0.9", "", { "dependencies": { "coffeescript": "1.12.7" } }, "sha512-I79SAcCYquWnEfXYj8hBqOOWKj6eH6zX1hhX3yqmS4K3bYp7jME3UFpHPzu3rUew0oyfc0s8T6IlWGXRAheHag=="],

    "dotenv": ["dotenv@17.2.2", "", {}, "sha512-Sf2LSQP+bOlhKWWyhFsn0UsfdK/kCWRv1iuA2gXAwt3dyNabr6QSj00I2V10pidqz69soatm9ZwZvpQMTIOd5Q=="],

    "eachr": ["eachr@7.4.0", "", { "dependencies": { "editions": "^6.21.0", "typechecker": "^9.3.0" } }, "sha512-d6v/ERRrwxZ5oNHJz2Z5Oouge0Xc3rFxeaGNHjAhTDUCkLhy8t583ieH9/Qop1UNDTcZXOSEs8dqawmbHaEEkA=="],

    "eciesjs": ["eciesjs@0.4.15", "", { "dependencies": { "@ecies/ciphers": "^0.2.3", "@noble/ciphers": "^1.3.0", "@noble/curves": "^1.9.1", "@noble/hashes": "^1.8.0" } }, "sha512-r6kEJXDKecVOCj2nLMuXK/FCPeurW33+3JRpfXVbjLja3XUYFfD9I/JBreH6sUyzcm3G/YQboBjMla6poKeSdA=="],

    "editions": ["editions@6.22.0", "", { "dependencies": { "version-range": "^4.15.0" } }, "sha512-UgGlf8IW75je7HZjNDpJdCv4cGJWIi6yumFdZ0R7A8/CIhQiWUjyGLCxdHpd8bmyD1gnkfUNK0oeOXqUS2cpfQ=="],

    "esbuild": ["esbuild@0.25.9", "", { "optionalDependencies": { "@esbuild/aix-ppc64": "0.25.9", "@esbuild/android-arm": "0.25.9", "@esbuild/android-arm64": "0.25.9", "@esbuild/android-x64": "0.25.9", "@esbuild/darwin-arm64": "0.25.9", "@esbuild/darwin-x64": "0.25.9", "@esbuild/freebsd-arm64": "0.25.9", "@esbuild/freebsd-x64": "0.25.9", "@esbuild/linux-arm": "0.25.9", "@esbuild/linux-arm64": "0.25.9", "@esbuild/linux-ia32": "0.25.9", "@esbuild/linux-loong64": "0.25.9", "@esbuild/linux-mips64el": "0.25.9", "@esbuild/linux-ppc64": "0.25.9", "@esbuild/linux-riscv64": "0.25.9", "@esbuild/linux-s390x": "0.25.9", "@esbuild/linux-x64": "0.25.9", "@esbuild/netbsd-arm64": "0.25.9", "@esbuild/netbsd-x64": "0.25.9", "@esbuild/openbsd-arm64": "0.25.9", "@esbuild/openbsd-x64": "0.25.9", "@esbuild/openharmony-arm64": "0.25.9", "@esbuild/sunos-x64": "0.25.9", "@esbuild/win32-arm64": "0.25.9", "@esbuild/win32-ia32": "0.25.9", "@esbuild/win32-x64": "0.25.9" }, "bin": { "esbuild": "bin/esbuild" } }, "sha512-CRbODhYyQx3qp7ZEwzxOk4JBqmD/seJrzPa/cGjY1VtIn5E09Oi9/dB4JwctnfZ8Q8iT7rioVv5k/FNT/uf54g=="],

    "execa": ["execa@5.1.1", "", { "dependencies": { "cross-spawn": "^7.0.3", "get-stream": "^6.0.0", "human-signals": "^2.1.0", "is-stream": "^2.0.0", "merge-stream": "^2.0.0", "npm-run-path": "^4.0.1", "onetime": "^5.1.2", "signal-exit": "^3.0.3", "strip-final-newline": "^2.0.0" } }, "sha512-8uSpZZocAZRBAPIEINJj3Lo9HyGitllczc27Eh5YYojjMFMn8yHMDMaUHE2Jqfq05D/wucwI4JGURyXt1vchyg=="],

    "extract-opts": ["extract-opts@5.9.0", "", { "dependencies": { "eachr": "^7.4.0", "editions": "^6.21.0", "typechecker": "^9.3.0" } }, "sha512-UN5d1xtD3cQQNmE2OVsP5ij1dCDgpK5bmOxyMEXc8KaZ/YLCV0ge/RxBGG3fy7KVnxsjekwutzmzRVInQtaB4Q=="],

    "fast-xml-parser": ["fast-xml-parser@5.2.5", "", { "dependencies": { "strnum": "^2.1.0" }, "bin": { "fxparser": "src/cli/cli.js" } }, "sha512-pfX9uG9Ki0yekDHx2SiuRIyFdyAr1kMIMitPvb0YBo8SUfKvia7w7FIyd/l6av85pFYRhZscS75MwMnbvY+hcQ=="],

    "fdir": ["fdir@6.5.0", "", { "peerDependencies": { "picomatch": "^3 || ^4" }, "optionalPeers": ["picomatch"] }, "sha512-tIbYtZbucOs0BRGqPJkshJUYdL+SDH7dVM8gjy+ERp3WAUjLEFJE+02kanyHtwjWOnwrKYBiwAmM0p4kLJAnXg=="],

    "fsevents": ["fsevents@2.3.3", "", { "os": "darwin" }, "sha512-5xoDfX+fL7faATnagmWPpbFtwh/R77WmMMqqHGS65C3vvB0YHrgF+B1YmZ3441tMj5n63k0212XNoJwzlhffQw=="],

    "get-stream": ["get-stream@6.0.1", "", {}, "sha512-ts6Wi+2j3jQjqi70w5AlN8DFnkSwC+MqmxEzdEALB2qXZYV3X/b1CTfgPLGJNMeAWxdPfU8FO1ms3NUfaHCPYg=="],

    "get-tsconfig": ["get-tsconfig@4.10.1", "", { "dependencies": { "resolve-pkg-maps": "^1.0.0" } }, "sha512-auHyJ4AgMz7vgS8Hp3N6HXSmlMdUyhSUrfBF16w153rxtLIEOE+HGqaBppczZvnHLqQJfiHotCYpNhl0lUROFQ=="],

    "graceful-fs": ["graceful-fs@4.2.11", "", {}, "sha512-RbJ5/jmFcNNCcDV5o9eTnBLJ/HszWV0P73bc+Ff4nS/rJj+YaS6IGyiOL0VoBYX+l1Wrl3k63h/KrH+nhJ0XvQ=="],

    "handlebars": ["handlebars@4.7.8", "", { "dependencies": { "minimist": "^1.2.5", "neo-async": "^2.6.2", "source-map": "^0.6.1", "wordwrap": "^1.0.0" }, "optionalDependencies": { "uglify-js": "^3.1.4" }, "bin": { "handlebars": "bin/handlebars" } }, "sha512-vafaFqs8MZkRrSX7sFVUdo3ap/eNiLnb4IakshzvP56X5Nr1iGKAIqdX6tMlm6HcNRIkr6AxO5jFEoJzzpT8aQ=="],

    "hjson": ["hjson@3.2.2", "", { "bin": { "hjson": "bin/hjson" } }, "sha512-MkUeB0cTIlppeSsndgESkfFD21T2nXPRaBStLtf3cAYA2bVEFdXlodZB0TukwZiobPD1Ksax5DK4RTZeaXCI3Q=="],

    "human-signals": ["human-signals@2.1.0", "", {}, "sha512-B4FFZ6q/T2jhhksgkbEW3HBvWIfDW85snkQgawt07S7J5QXTk6BkNV+0yAeZrM5QpMAdYlocGoljn0sJ/WQkFw=="],

    "ignore": ["ignore@5.3.2", "", {}, "sha512-hsBTNUqQTDwkWtcdYI2i06Y/nUBEsNEDJKjWdigLvegy8kDuJAS8uRlpkkcQpyEXL0Z/pjDy5HBmMjRCJ2gq+g=="],

    "ini": ["ini@5.0.0", "", {}, "sha512-+N0ngpO3e7cRUWOJAS7qw0IZIVc6XPrW4MlFBdD066F2L4k1L6ker3hLqSq7iXxU5tgS4WGkIUElWn5vogAEnw=="],

    "is-stream": ["is-stream@2.0.1", "", {}, "sha512-hFoiJiTl63nn+kstHGBtewWSKnQLpyb155KHheA1l39uvtO9nWIop1p3udqPcUd/xbF1VLMO4n7OI6p7RbngDg=="],

    "isexe": ["isexe@3.1.1", "", {}, "sha512-LpB/54B+/2J5hqQ7imZHfdU31OlgQqx7ZicVlkm9kzg9/w8GKLEcFfJl/t7DCEDueOyBAD6zCCwTO6Fzs0NoEQ=="],

    "jiti": ["jiti@2.5.1", "", { "bin": { "jiti": "lib/jiti-cli.mjs" } }, "sha512-twQoecYPiVA5K/h6SxtORw/Bs3ar+mLUtoPSc7iMXzQzK8d7eJ/R09wmTwAjiamETn1cXYPGfNnu7DMoHgu12w=="],

    "js-yaml": ["js-yaml@4.1.0", "", { "dependencies": { "argparse": "^2.0.1" }, "bin": { "js-yaml": "bin/js-yaml.js" } }, "sha512-wpxZs9NoxZaJESJGIZTyDEaYpl0FKSA+FB9aJiyemKhMwkxQg63h4T1KJgUGHpTqPDNRcmmYLugrRjJlBtWvRA=="],

    "json5": ["json5@2.2.3", "", { "bin": { "json5": "lib/cli.js" } }, "sha512-XmOWe7eyHYH14cLdVPoyg+GOH3rYX++KpzrylJwSW98t3Nk+U8XOl8FWKOgwtzdb8lXGf6zYwDUzeHMWfxasyg=="],

    "jsonc-parser": ["jsonc-parser@3.3.1", "", {}, "sha512-HUgH65KyejrUFPvHFPbqOY0rsFip3Bo5wb4ngvdi1EpCYWUQDC5V+Y7mZws+DLkr4M//zQJoanu1SP+87Dv1oQ=="],

    "merge-stream": ["merge-stream@2.0.0", "", {}, "sha512-abv/qOcuPfk3URPfDzmZU1LKmuw8kT+0nIHvKrKgFrwifol/doWcdA4ZqsWQ8ENrFKkd67Mfpo/LovbIUsbt3w=="],

    "mimic-fn": ["mimic-fn@2.1.0", "", {}, "sha512-OqbOk5oEQeAZ8WXWydlu9HJjz9WVdEIvamMCcXmuqUYjTknH/sqsWvhQ3vgwKFRR1HpjvNBKQ37nbJgYzGqGcg=="],

    "minimist": ["minimist@1.2.8", "", {}, "sha512-2yyAR8qBkN3YuheJanUpWC5U3bb5osDywNB8RzDVlDwDHbocAJveqqj1u8+SVD7jkWT4yvsHCpWqqWqAxb0zCA=="],

    "mustache": ["mustache@4.2.0", "", { "bin": { "mustache": "bin/mustache" } }, "sha512-71ippSywq5Yb7/tVYyGbkBggbU8H3u5Rz56fH60jGFgr8uHwxs+aSKeqmluIVzM0m0kB7xQjKS6qPfd0b2ZoqQ=="],

    "neo-async": ["neo-async@2.6.2", "", {}, "sha512-Yd3UES5mWCSqR+qNT93S3UoYUkqAZ9lLg8a7g9rimsWmYGK8cVToA4/sF3RrshdyV3sAGMXVUmpMYOw+dLpOuw=="],

    "npm-run-path": ["npm-run-path@4.0.1", "", { "dependencies": { "path-key": "^3.0.0" } }, "sha512-S48WzZW777zhNIrn7gxOlISNAqi9ZC/uQFnRdbeIHhZhCA6UqpkOT8T1G7BvfdgP4Er8gF4sUbaS0i7QvIfCWw=="],

    "nunjucks": ["nunjucks@3.2.4", "", { "dependencies": { "a-sync-waterfall": "^1.0.0", "asap": "^2.0.3", "commander": "^5.1.0" }, "peerDependencies": { "chokidar": "^3.3.0" }, "optionalPeers": ["chokidar"], "bin": { "nunjucks-precompile": "bin/precompile" } }, "sha512-26XRV6BhkgK0VOxfbU5cQI+ICFUtMLixv1noZn1tGU38kQH5A5nmmbk/O45xdyBhD1esk47nKrY0mvQpZIhRjQ=="],

    "object-treeify": ["object-treeify@1.1.33", "", {}, "sha512-EFVjAYfzWqWsBMRHPMAXLCDIJnpMhdWAqR7xG6M6a2cs6PMFpl/+Z20w9zDW4vkxOFfddegBKq9Rehd0bxWE7A=="],

    "onetime": ["onetime@5.1.2", "", { "dependencies": { "mimic-fn": "^2.1.0" } }, "sha512-kbpaSSGJTWdAY5KPVeMOKXSrPtr8C8C7wodJbcsd51jRnmD+GZu8Y0VoU6Dm5Z4vWr0Ig/1NKuWRKf7j5aaYSg=="],

    "papaparse": ["papaparse@5.5.3", "", {}, "sha512-5QvjGxYVjxO59MGU2lHVYpRWBBtKHnlIAcSe1uNFCkkptUh63NFRj0FJQm7nR67puEruUci/ZkjmEFrjCAyP4A=="],

    "path-key": ["path-key@3.1.1", "", {}, "sha512-ojmeN0qd+y0jszEtoY48r0Peq5dwMEkIlCOu6Q5f41lfkswXuKtYrhgoTpLnyIcHm24Uhqx+5Tqm2InSwLhE6Q=="],

    "picomatch": ["picomatch@4.0.3", "", {}, "sha512-5gTmgEY/sqK6gFXLIsQNH19lWb4ebPDLA4SdLP7dsWkIXHWlG66oPuVvXSGFPppYZz8ZDZq0dYYrbHfBCVUb1Q=="],

    "properties-file": ["properties-file@3.6.1", "", {}, "sha512-9NUyJcxSqdWcJGRpPq6rT7exQbSQMPs0sK6KTvCJsLrTQRwq+hmt/wIB32ugNZmvEuSPyFO+y4nLK3vX34i5Wg=="],

    "requirefresh": ["requirefresh@5.13.0", "", {}, "sha512-v3BuU/AAKjDqgIig1xyekcBHtujCAghuFTOQ7YNAngEKtTksSS1vT9Abt1ilbmQFAD4ChHHGJ3JSNbqvEOIxkQ=="],

    "resolve-pkg-maps": ["resolve-pkg-maps@1.0.0", "", {}, "sha512-seS2Tj26TBVOC2NIc2rOe2y2ZO7efxITtLZcGSOnHHNOQ7CkiUBfw0Iw2ck6xkIhPwLhKNLS8BO+hEpngQlqzw=="],

    "safefs": ["safefs@8.10.0", "", { "dependencies": { "graceful-fs": "^4.2.11", "version-compare": "^3.10.0" } }, "sha512-ZHnuws4iLc5vB6kxU/MpGEZO7Fz80zIEOJw6VgRAroa/PeJB/jcc2KEXxWA0Izpx+W728j398DxQRx1RU+KXIg=="],

    "shebang-command": ["shebang-command@2.0.0", "", { "dependencies": { "shebang-regex": "^3.0.0" } }, "sha512-kHxr2zZpYtdmrN1qDjrrX/Z1rR1kG8Dx+gkpK1G4eXmvXswmcE1hTWBWYUzlraYw1/yZp6YuDY77YtvbN0dmDA=="],

    "shebang-regex": ["shebang-regex@3.0.0", "", {}, "sha512-7++dFhtcx3353uBaq8DDR4NuxBetBzC7ZQOhmTQInHEd6bSrXdiEyzCvG07Z44UYdLShWUyXt5M/yhz8ekcb1A=="],

    "signal-exit": ["signal-exit@3.0.7", "", {}, "sha512-wnD2ZE+l+SPC/uoS0vXeE9L1+0wuaMqKlfz9AMUo38JsyLSBWSFcHR1Rri62LZc12vLr1gb3jl7iwQhgwpAbGQ=="],

    "source-map": ["source-map@0.6.1", "", {}, "sha512-UjgapumWlbMhkBgzT7Ykc5YXUT46F0iKu8SGXq0bcwP5dz/h0Plj6enJqjz1Zbq2l5WaqYnrVbwWOWMyF3F47g=="],

    "strip-final-newline": ["strip-final-newline@2.0.0", "", {}, "sha512-BrpvfNAE3dcvq7ll3xVumzjKjZQ5tI1sEUIKr3Uoks0XUl45St3FlatVqef9prk4jRDzhW6WZg+3bk93y6pLjA=="],

    "strnum": ["strnum@2.1.1", "", {}, "sha512-7ZvoFTiCnGxBtDqJ//Cu6fWtZtc7Y3x+QOirG15wztbdngGSkht27o2pyGWrVy0b4WAy3jbKmnoK6g5VlVNUUw=="],

    "tsx": ["tsx@4.20.5", "", { "dependencies": { "esbuild": "~0.25.0", "get-tsconfig": "^4.7.5" }, "optionalDependencies": { "fsevents": "~2.3.3" }, "bin": { "tsx": "dist/cli.mjs" } }, "sha512-+wKjMNU9w/EaQayHXb7WA7ZaHY6hN8WgfvHNQ3t1PnU91/7O8TcTnIhCDYTZwnt8JsO9IBqZ30Ln1r7pPF52Aw=="],

    "typechecker": ["typechecker@9.3.0", "", { "dependencies": { "editions": "^6.20.0" } }, "sha512-7NKr0EkLaL5fkYE56DPwqgQx1FjepvDRZ64trUgb1NgeFqLkaZThI2L33vFJzN4plVyAN5zWcov57QcZIU3bjg=="],

    "typescript": ["typescript@5.9.2", "", { "bin": { "tsc": "bin/tsc", "tsserver": "bin/tsserver" } }, "sha512-CWBzXQrc/qOkhidw1OzBTQuYRbfyxDXJMVJ1XNwUHGROVmuaeiEm3OslpZ1RV96d7SKKjZKrSJu3+t/xlw3R9A=="],

    "uglify-js": ["uglify-js@3.19.3", "", { "bin": { "uglifyjs": "bin/uglifyjs" } }, "sha512-v3Xu+yuwBXisp6QYTcH4UbH+xYJXqnq2m/LtQVWKWzYc1iehYnLixoQDN9FH6/j9/oybfd6W9Ghwkl8+UMKTKQ=="],

    "undici-types": ["undici-types@7.10.0", "", {}, "sha512-t5Fy/nfn+14LuOc2KNYg75vZqClpAiqscVvMygNnlsHBFpSXdJaYtXMcdNLpl/Qvc3P2cB3s6lOV51nqsFq4ag=="],

    "version-compare": ["version-compare@3.12.0", "", { "dependencies": { "editions": "^6.21.0" } }, "sha512-okm2QaHSGDCOH58HGbfv7aWDVDvJouaZmzJF126CkWsZ7x5fQA/3pSACHM9gXPKfOvV3oOnb5gYyt8feSJqGrw=="],

    "version-range": ["version-range@4.15.0", "", {}, "sha512-Ck0EJbAGxHwprkzFO966t4/5QkRuzh+/I1RxhLgUKKwEn+Cd8NwM60mE3AqBZg5gYODoXW0EFsQvbZjRlvdqbg=="],

    "which": ["which@4.0.0", "", { "dependencies": { "isexe": "^3.1.1" }, "bin": { "node-which": "bin/which.js" } }, "sha512-GlaYyEb07DPxYCKhKzplCWBJtvxZcZMrL+4UkrTSJHHPyZU4mYYTv3qaOe77H7EODLSSopAUFAc6W8U4yqvscg=="],

    "wordwrap": ["wordwrap@1.0.0", "", {}, "sha512-gvVzJFlPycKc5dZN4yPkP8w7Dc37BtP1yczEneOb4uq34pXZcvrtRTmWV8W+Ume+XCxKgbjM+nevkyFPMybd4Q=="],

    "zod": ["zod@4.1.8", "", {}, "sha512-5R1P+WwQqmmMIEACyzSvo4JXHY5WiAFHRMg+zBZKgKS+Q1viRa0C1hmUKtHltoIFKtIdki3pRxkmpP74jnNYHQ=="],

    "@dotenvx/dotenvx/commander": ["commander@11.1.0", "", {}, "sha512-yPVavfyCcRhmorC7rWlkHn15b4wDVgVmBA7kV4QVBsF7kv/9TKJAbAXVTxvTnwP8HHKjRCJDClKbciiYS7p0DQ=="],

    "cross-spawn/which": ["which@2.0.2", "", { "dependencies": { "isexe": "^2.0.0" }, "bin": { "node-which": "./bin/node-which" } }, "sha512-BLI3Tl1TW3Pvl70l3yq3Y64i+awpwXqsGBYWkkqMtnbXgrMD+yj7rhW0kuEDxzJaYXGjEW5ogapKNMEKNMjibA=="],

    "nunjucks/commander": ["commander@5.1.0", "", {}, "sha512-P0CysNDQ7rtVw4QIQtm+MRxV66vKFSvlsQvGYXZWR3qFU0jlMKHZZZgw8e+8DSah4UDKMqnknRDQz+xuQXQ/Zg=="],

    "cross-spawn/which/isexe": ["isexe@2.0.0", "", {}, "sha512-RHxMLp9lnKHGHRng9QFhRCMbYAcVpn69smSGcq3f36xjgVVWThj4qqLbTLlq7Ssj8B+fIQ1EuCEGI2lKsyQeIw=="],
  }
}
