{
  "lockfile_version": "1",
  "packages": {
    "buf@1.47.2": {
      "last_modified": "2024-12-11T16:51:25Z",
      "resolved": "github:NixOS/nixpkgs/5a48e3c2e435e95103d56590188cfed7b70e108c#buf",
      "source": "devbox-search",
      "version": "1.47.2",
      "systems": {
        "aarch64-darwin": {
          "outputs": [
            {
              "name": "out",
              "path": "/nix/store/5sslv8fdcp16x2wlx0h1mg9g4vz260w5-buf-1.47.2",
              "default": true
            }
          ],
          "store_path": "/nix/store/5sslv8fdcp16x2wlx0h1mg9g4vz260w5-buf-1.47.2"
        },
        "aarch64-linux": {
          "outputs": [
            {
              "name": "out",
              "path": "/nix/store/63rddwrsdrxz066wpdj9bfzlfsd6m76c-buf-1.47.2",
              "default": true
            }
          ],
          "store_path": "/nix/store/63rddwrsdrxz066wpdj9bfzlfsd6m76c-buf-1.47.2"
        },
        "x86_64-darwin": {
          "outputs": [
            {
              "name": "out",
              "path": "/nix/store/yp40kmw4m4lcfg7z4hs564ich5k5ihwg-buf-1.47.2",
              "default": true
            }
          ],
          "store_path": "/nix/store/yp40kmw4m4lcfg7z4hs564ich5k5ihwg-buf-1.47.2"
        },
        "x86_64-linux": {
          "outputs": [
            {
              "name": "out",
              "path": "/nix/store/rb3w58d82i4wbzmvicl2s9022pzs9cnx-buf-1.47.2",
              "default": true
            }
          ],
          "store_path": "/nix/store/rb3w58d82i4wbzmvicl2s9022pzs9cnx-buf-1.47.2"
        }
      }
    },
    "bun@1.1.34": {
      "last_modified": "2024-12-03T12:40:06Z",
      "resolved": "github:NixOS/nixpkgs/566e53c2ad750c84f6d31f9ccb9d00f823165550#bun",
      "source": "devbox-search",
      "version": "1.1.34",
      "systems": {
        "aarch64-darwin": {
          "outputs": [
            {
              "name": "out",
              "path": "/nix/store/dhcxn6jalscn3299n0ixxh81f930qzmm-bun-1.1.34",
              "default": true
            }
          ],
          "store_path": "/nix/store/dhcxn6jalscn3299n0ixxh81f930qzmm-bun-1.1.34"
        },
        "aarch64-linux": {
          "outputs": [
            {
              "name": "out",
              "path": "/nix/store/dyxydqn8j83z5y45bxcx2haz7kzpwsi2-bun-1.1.34",
              "default": true
            }
          ],
          "store_path": "/nix/store/dyxydqn8j83z5y45bxcx2haz7kzpwsi2-bun-1.1.34"
        },
        "x86_64-darwin": {
          "outputs": [
            {
              "name": "out",
              "path": "/nix/store/7s01gy8pq3ml26710891gvb4hv32l7wa-bun-1.1.34",
              "default": true
            }
          ],
          "store_path": "/nix/store/7s01gy8pq3ml26710891gvb4hv32l7wa-bun-1.1.34"
        },
        "x86_64-linux": {
          "outputs": [
            {
              "name": "out",
              "path": "/nix/store/mqfi5wn6fddjlvnp24v58frd131i22xq-bun-1.1.34",
              "default": true
            }
          ],
          "store_path": "/nix/store/mqfi5wn6fddjlvnp24v58frd131i22xq-bun-1.1.34"
        }
      }
    },
    "extism-cli@1.6.2": {
      "last_modified": "2025-03-23T05:31:05Z",
      "resolved": "github:NixOS/nixpkgs/dd613136ee91f67e5dba3f3f41ac99ae89c5406b#extism-cli",
      "source": "devbox-search",
      "version": "1.6.2",
      "systems": {
        "aarch64-darwin": {
          "outputs": [
            {
              "name": "out",
              "path": "/nix/store/w0xf1907zcpyd7b4hk4y388cg2lcvgp6-extism-cli-1.6.2",
              "default": true
            }
          ],
          "store_path": "/nix/store/w0xf1907zcpyd7b4hk4y388cg2lcvgp6-extism-cli-1.6.2"
        },
        "aarch64-linux": {
          "outputs": [
            {
              "name": "out",
              "path": "/nix/store/v5hll24v4qzsrr3g96ywz1xs3jlf9imc-extism-cli-1.6.2",
              "default": true
            }
          ],
          "store_path": "/nix/store/v5hll24v4qzsrr3g96ywz1xs3jlf9imc-extism-cli-1.6.2"
        },
        "x86_64-darwin": {
          "outputs": [
            {
              "name": "out",
              "path": "/nix/store/31w9ji3b2401nxqbh8zhmm69bli1k0fh-extism-cli-1.6.2",
              "default": true
            }
          ],
          "store_path": "/nix/store/31w9ji3b2401nxqbh8zhmm69bli1k0fh-extism-cli-1.6.2"
        },
        "x86_64-linux": {
          "outputs": [
            {
              "name": "out",
              "path": "/nix/store/23m81czp1kkb76yfg2lrjb1jhwpjalzs-extism-cli-1.6.2",
              "default": true
            }
          ],
          "store_path": "/nix/store/23m81czp1kkb76yfg2lrjb1jhwpjalzs-extism-cli-1.6.2"
        }
      }
    },
    "ffmpeg@7.1": {
      "last_modified": "2025-01-24T11:25:45Z",
      "resolved": "github:NixOS/nixpkgs/ecd26a469ac56357fd333946a99086e992452b6a#ffmpeg",
      "source": "devbox-search",
      "version": "7.1",
      "systems": {
        "aarch64-darwin": {
          "outputs": [
            {
              "name": "bin",
              "path": "/nix/store/3vyh51l0zwbx7337injvmw2kz7v5x0jm-ffmpeg-7.1-bin",
              "default": true
            },
            {
              "name": "man",
              "path": "/nix/store/arf0gsxx4821rdiw002ybb0d7423kywv-ffmpeg-7.1-man",
              "default": true
            },
            {
              "name": "data",
              "path": "/nix/store/ckgsf3gazzyly59p2jjzaxglmg2igsmk-ffmpeg-7.1-data"
            },
            {
              "name": "dev",
              "path": "/nix/store/y564pd4kqaq00jwqjfxc6mxmpimb22a0-ffmpeg-7.1-dev"
            },
            {
              "name": "doc",
              "path": "/nix/store/cf3lhdlydyww2m4ip8x6f2wb855wp4hz-ffmpeg-7.1-doc"
            },
            {
              "name": "lib",
              "path": "/nix/store/dkwl6m0wxbl334j2pdw1qx1dyi298qx1-ffmpeg-7.1-lib"
            },
            {
              "name": "out",
              "path": "/nix/store/87z39c3p7pq3y85rf30f17kivhmgz5vp-ffmpeg-7.1"
            }
          ],
          "store_path": "/nix/store/3vyh51l0zwbx7337injvmw2kz7v5x0jm-ffmpeg-7.1-bin"
        },
        "aarch64-linux": {
          "outputs": [
            {
              "name": "bin",
              "path": "/nix/store/2rhkdzk1rc0szq16fkfdcnx04waxmw1z-ffmpeg-7.1-bin",
              "default": true
            },
            {
              "name": "man",
              "path": "/nix/store/02m3gr4mnrips1laqbyb016jlrsdf5an-ffmpeg-7.1-man",
              "default": true
            },
            {
              "name": "out",
              "path": "/nix/store/vg5p8gamyyqhqyncpxrpj2adry6pc58g-ffmpeg-7.1"
            },
            {
              "name": "data",
              "path": "/nix/store/9s4qs5s51d0djwf5svnhysrdx9syw6lm-ffmpeg-7.1-data"
            },
            {
              "name": "dev",
              "path": "/nix/store/ll82ccgd5nq9hgdx8cybrma8252z27mx-ffmpeg-7.1-dev"
            },
            {
              "name": "doc",
              "path": "/nix/store/f2fkpjpn8n9j33k888zfg3qafm401dlb-ffmpeg-7.1-doc"
            },
            {
              "name": "lib",
              "path": "/nix/store/9xpjqrhv5v4gs18sn3dlppp1ccp3kbxp-ffmpeg-7.1-lib"
            }
          ],
          "store_path": "/nix/store/2rhkdzk1rc0szq16fkfdcnx04waxmw1z-ffmpeg-7.1-bin"
        },
        "x86_64-darwin": {
          "outputs": [
            {
              "name": "bin",
              "path": "/nix/store/038sbz31vq1fc6kv3bjqjlld2i8fva5a-ffmpeg-7.1-bin",
              "default": true
            },
            {
              "name": "man",
              "path": "/nix/store/lwcyd2jzjhn568n8vhxj3v4cz9mgiqvy-ffmpeg-7.1-man",
              "default": true
            },
            {
              "name": "data",
              "path": "/nix/store/vii4bma2bqbg3cm526dh1qxms497rssr-ffmpeg-7.1-data"
            },
            {
              "name": "dev",
              "path": "/nix/store/759rmkjky135w4n5xskgpfnnz8lmdzv6-ffmpeg-7.1-dev"
            },
            {
              "name": "doc",
              "path": "/nix/store/qnds6da30fdakrlb4xcx0zxbgy4sgy7l-ffmpeg-7.1-doc"
            },
            {
              "name": "lib",
              "path": "/nix/store/c9wzw98xlnhz371h7qyzn1gkkm22k0c8-ffmpeg-7.1-lib"
            },
            {
              "name": "out",
              "path": "/nix/store/wp9inha2y7g4k2slyrk7da1j4wd8b6rr-ffmpeg-7.1"
            }
          ],
          "store_path": "/nix/store/038sbz31vq1fc6kv3bjqjlld2i8fva5a-ffmpeg-7.1-bin"
        },
        "x86_64-linux": {
          "outputs": [
            {
              "name": "bin",
              "path": "/nix/store/38na74whzaxfcj4zarz15kngn8gdw61n-ffmpeg-7.1-bin",
              "default": true
            },
            {
              "name": "man",
              "path": "/nix/store/pghgbcsc8ydgqb8gcy9h3vdjhpnznkj5-ffmpeg-7.1-man",
              "default": true
            },
            {
              "name": "data",
              "path": "/nix/store/vh57iqizwcqz82bbgsaqhyy46jmf8jvn-ffmpeg-7.1-data"
            },
            {
              "name": "dev",
              "path": "/nix/store/mviia480ziysq9hl49avk00k4ya7z34b-ffmpeg-7.1-dev"
            },
            {
              "name": "doc",
              "path": "/nix/store/bk7fyl5xi2g40sw4qzk9sr82jgnm2v33-ffmpeg-7.1-doc"
            },
            {
              "name": "lib",
              "path": "/nix/store/bglv1mbxf9n4s3qxpgwqzka6r58fxzy5-ffmpeg-7.1-lib"
            },
            {
              "name": "out",
              "path": "/nix/store/jfqdkx73z5nnqf5w5l6yi37myk7zfnb9-ffmpeg-7.1"
            }
          ],
          "store_path": "/nix/store/38na74whzaxfcj4zarz15kngn8gdw61n-ffmpeg-7.1-bin"
        }
      }
    },
    "github:NixOS/nixpkgs/nixpkgs-unstable": {
      "last_modified": "2025-08-01T14:55:05Z",
      "resolved": "github:NixOS/nixpkgs/e7eabdc701d7dbb810fd91a97ec358caa4c1fc50?lastModified=1754060105&narHash=sha256-di5L6e5Iiv%2BoegS07j9h23FdqEpXn0ZQqMlDOEMw1EY%3D"
    },
    "go-task@latest": {
      "last_modified": "2025-08-03T19:18:05Z",
      "resolved": "github:NixOS/nixpkgs/bf9fa86a9b1005d932f842edf2c38eeecc98eef3#go-task",
      "source": "devbox-search",
      "version": "3.44.1",
      "systems": {
        "aarch64-darwin": {
          "outputs": [
            {
              "name": "out",
              "path": "/nix/store/2s2xbxzkshricg27p5m6qg8xay6j1qcm-go-task-3.44.1",
              "default": true
            }
          ],
          "store_path": "/nix/store/2s2xbxzkshricg27p5m6qg8xay6j1qcm-go-task-3.44.1"
        },
        "aarch64-linux": {
          "outputs": [
            {
              "name": "out",
              "path": "/nix/store/gf4cj1rnppcdbn1pksaw1a4zs6mm97h1-go-task-3.44.1",
              "default": true
            }
          ],
          "store_path": "/nix/store/gf4cj1rnppcdbn1pksaw1a4zs6mm97h1-go-task-3.44.1"
        },
        "x86_64-darwin": {
          "outputs": [
            {
              "name": "out",
              "path": "/nix/store/nq56q1rfknrl3b7acshqbiyrg6xnq39r-go-task-3.44.1",
              "default": true
            }
          ],
          "store_path": "/nix/store/nq56q1rfknrl3b7acshqbiyrg6xnq39r-go-task-3.44.1"
        },
        "x86_64-linux": {
          "outputs": [
            {
              "name": "out",
              "path": "/nix/store/zjfzqsapmydx7y49clmj29l75ki4gi11-go-task-3.44.1",
              "default": true
            }
          ],
          "store_path": "/nix/store/zjfzqsapmydx7y49clmj29l75ki4gi11-go-task-3.44.1"
        }
      }
    },
    "go@1.24.0": {
      "last_modified": "2025-02-23T09:42:26Z",
      "resolved": "github:NixOS/nixpkgs/2d068ae5c6516b2d04562de50a58c682540de9bf#go_1_24",
      "source": "devbox-search",
      "version": "1.24.0",
      "systems": {
        "aarch64-darwin": {
          "outputs": [
            {
              "name": "out",
              "path": "/nix/store/v495d2fb3ffi08ri6jffvhzr08p104pk-go-1.24.0",
              "default": true
            }
          ],
          "store_path": "/nix/store/v495d2fb3ffi08ri6jffvhzr08p104pk-go-1.24.0"
        },
        "aarch64-linux": {
          "outputs": [
            {
              "name": "out",
              "path": "/nix/store/fy5xhvha2ha7jcyqp73haqrpg8npw63b-go-1.24.0",
              "default": true
            }
          ],
          "store_path": "/nix/store/fy5xhvha2ha7jcyqp73haqrpg8npw63b-go-1.24.0"
        },
        "x86_64-darwin": {
          "outputs": [
            {
              "name": "out",
              "path": "/nix/store/gg6947k6wwxq7ld2f90i62fkcf3kdd55-go-1.24.0",
              "default": true
            }
          ],
          "store_path": "/nix/store/gg6947k6wwxq7ld2f90i62fkcf3kdd55-go-1.24.0"
        },
        "x86_64-linux": {
          "outputs": [
            {
              "name": "out",
              "path": "/nix/store/wk1vg9ksvmqwxhgj7cmvdv1g62v9kff0-go-1.24.0",
              "default": true
            }
          ],
          "store_path": "/nix/store/wk1vg9ksvmqwxhgj7cmvdv1g62v9kff0-go-1.24.0"
        }
      }
    },
    "gopls@latest": {
      "last_modified": "2025-07-13T22:45:35Z",
      "resolved": "github:NixOS/nixpkgs/a421ac6595024edcfbb1ef950a3712b89161c359#gopls",
      "source": "devbox-search",
      "version": "0.19.1",
      "systems": {
        "aarch64-darwin": {
          "outputs": [
            {
              "name": "out",
              "path": "/nix/store/w2k9s2846wkzm5bpsw4c2k8l8k8sdpfw-gopls-0.19.1",
              "default": true
            }
          ],
          "store_path": "/nix/store/w2k9s2846wkzm5bpsw4c2k8l8k8sdpfw-gopls-0.19.1"
        },
        "aarch64-linux": {
          "outputs": [
            {
              "name": "out",
              "path": "/nix/store/plpmkj259n4b5ybw77hnvljfjhhm63k0-gopls-0.19.1",
              "default": true
            }
          ],
          "store_path": "/nix/store/plpmkj259n4b5ybw77hnvljfjhhm63k0-gopls-0.19.1"
        },
        "x86_64-darwin": {
          "outputs": [
            {
              "name": "out",
              "path": "/nix/store/wa2w3x5wp4v1szha4kl85mzqksink9np-gopls-0.19.1",
              "default": true
            }
          ],
          "store_path": "/nix/store/wa2w3x5wp4v1szha4kl85mzqksink9np-gopls-0.19.1"
        },
        "x86_64-linux": {
          "outputs": [
            {
              "name": "out",
              "path": "/nix/store/hxkpm4il04wiz7sjn22wh2z50511h9mw-gopls-0.19.1",
              "default": true
            }
          ],
          "store_path": "/nix/store/hxkpm4il04wiz7sjn22wh2z50511h9mw-gopls-0.19.1"
        }
      }
    },
    "inotify-tools@4.23.9.0": {
      "last_modified": "2024-12-23T21:10:33Z",
      "resolved": "github:NixOS/nixpkgs/de1864217bfa9b5845f465e771e0ecb48b30e02d#inotify-tools",
      "source": "devbox-search",
      "version": "4.23.9.0",
      "systems": {
        "aarch64-linux": {
          "outputs": [
            {
              "name": "out",
              "path": "/nix/store/9f5lg330q6mxf9psw3nkxrqqnrsisvvc-inotify-tools-4.23.9.0",
              "default": true
            }
          ],
          "store_path": "/nix/store/9f5lg330q6mxf9psw3nkxrqqnrsisvvc-inotify-tools-4.23.9.0"
        },
        "x86_64-linux": {
          "outputs": [
            {
              "name": "out",
              "path": "/nix/store/h4swr8mgmm1y36jbc9d41xqjlll3fmx9-inotify-tools-4.23.9.0",
              "default": true
            }
          ],
          "store_path": "/nix/store/h4swr8mgmm1y36jbc9d41xqjlll3fmx9-inotify-tools-4.23.9.0"
        }
      }
    },
    "natscli@0.1.5": {
      "last_modified": "2024-11-28T07:51:56Z",
      "resolved": "github:NixOS/nixpkgs/226216574ada4c3ecefcbbec41f39ce4655f78ef#natscli",
      "source": "devbox-search",
      "version": "0.1.5",
      "systems": {
        "aarch64-darwin": {
          "outputs": [
            {
              "name": "out",
              "path": "/nix/store/67j5838b0jvmkxk0ffx4hqzsfig9v90k-natscli-0.1.5",
              "default": true
            }
          ],
          "store_path": "/nix/store/67j5838b0jvmkxk0ffx4hqzsfig9v90k-natscli-0.1.5"
        },
        "aarch64-linux": {
          "outputs": [
            {
              "name": "out",
              "path": "/nix/store/0llydlszi0j4v76dw0jfvbzsric9q9k0-natscli-0.1.5",
              "default": true
            }
          ],
          "store_path": "/nix/store/0llydlszi0j4v76dw0jfvbzsric9q9k0-natscli-0.1.5"
        },
        "x86_64-darwin": {
          "outputs": [
            {
              "name": "out",
              "path": "/nix/store/gz79kdv1i8zy9lm7wgvm27sadf69zyd8-natscli-0.1.5",
              "default": true
            }
          ],
          "store_path": "/nix/store/gz79kdv1i8zy9lm7wgvm27sadf69zyd8-natscli-0.1.5"
        },
        "x86_64-linux": {
          "outputs": [
            {
              "name": "out",
              "path": "/nix/store/wccr8617k2kg63l8wx7v0gn6k6dkanac-natscli-0.1.5",
              "default": true
            }
          ],
          "store_path": "/nix/store/wccr8617k2kg63l8wx7v0gn6k6dkanac-natscli-0.1.5"
        }
      }
    },
    "oauth2c@1.17.0": {
      "last_modified": "2024-12-23T21:10:33Z",
      "resolved": "github:NixOS/nixpkgs/de1864217bfa9b5845f465e771e0ecb48b30e02d#oauth2c",
      "source": "devbox-search",
      "version": "1.17.0",
      "systems": {
        "aarch64-darwin": {
          "outputs": [
            {
              "name": "out",
              "path": "/nix/store/hx1lz54ysbl4psp4w715rph065v9qh68-oauth2c-1.17.0",
              "default": true
            }
          ],
          "store_path": "/nix/store/hx1lz54ysbl4psp4w715rph065v9qh68-oauth2c-1.17.0"
        },
        "aarch64-linux": {
          "outputs": [
            {
              "name": "out",
              "path": "/nix/store/575g02mmhqsqwwqy70fdip8gc05i3r7v-oauth2c-1.17.0",
              "default": true
            }
          ],
          "store_path": "/nix/store/575g02mmhqsqwwqy70fdip8gc05i3r7v-oauth2c-1.17.0"
        },
        "x86_64-darwin": {
          "outputs": [
            {
              "name": "out",
              "path": "/nix/store/7vpz9aw846p9aym34l9srw22my6p54z1-oauth2c-1.17.0",
              "default": true
            }
          ],
          "store_path": "/nix/store/7vpz9aw846p9aym34l9srw22my6p54z1-oauth2c-1.17.0"
        },
        "x86_64-linux": {
          "outputs": [
            {
              "name": "out",
              "path": "/nix/store/4sbrkv6ajqvcihr0qlyqi9b70nizpshc-oauth2c-1.17.0",
              "default": true
            }
          ],
          "store_path": "/nix/store/4sbrkv6ajqvcihr0qlyqi9b70nizpshc-oauth2c-1.17.0"
        }
      }
    },
    "openai-whisper-cpp@latest": {
      "last_modified": "2025-01-19T08:16:51Z",
      "resolved": "github:NixOS/nixpkgs/50165c4f7eb48ce82bd063e1fb8047a0f515f8ce#openai-whisper-cpp",
      "source": "devbox-search",
      "version": "1.7.2",
      "systems": {
        "aarch64-darwin": {
          "outputs": [
            {
              "name": "out",
              "path": "/nix/store/dqnngqyq0qdc2mxm4dqzcpzw7s6z3f4d-whisper-cpp-1.7.2",
              "default": true
            }
          ],
          "store_path": "/nix/store/dqnngqyq0qdc2mxm4dqzcpzw7s6z3f4d-whisper-cpp-1.7.2"
        },
        "aarch64-linux": {
          "outputs": [
            {
              "name": "out",
              "path": "/nix/store/4hfjjz9lbg5idvm3c0igqd71bwkliaka-whisper-cpp-1.7.2",
              "default": true
            }
          ],
          "store_path": "/nix/store/4hfjjz9lbg5idvm3c0igqd71bwkliaka-whisper-cpp-1.7.2"
        },
        "x86_64-darwin": {
          "outputs": [
            {
              "name": "out",
              "path": "/nix/store/zbyxc2m2j022bfkcp269rr3wjssw5z5p-whisper-cpp-1.7.2",
              "default": true
            }
          ],
          "store_path": "/nix/store/zbyxc2m2j022bfkcp269rr3wjssw5z5p-whisper-cpp-1.7.2"
        },
        "x86_64-linux": {
          "outputs": [
            {
              "name": "out",
              "path": "/nix/store/ds1a9scx3lmny54nfzak7dkvhyl9flcn-whisper-cpp-1.7.2",
              "default": true
            }
          ],
          "store_path": "/nix/store/ds1a9scx3lmny54nfzak7dkvhyl9flcn-whisper-cpp-1.7.2"
        }
      }
    },
    "openai-whisper@20240930": {
      "last_modified": "2025-01-12T04:53:46Z",
      "resolved": "github:NixOS/nixpkgs/2f9e2f85cb14a46410a1399aa9ea7ecf433e422e#openai-whisper",
      "source": "devbox-search",
      "version": "20240930",
      "systems": {
        "aarch64-darwin": {
          "outputs": [
            {
              "name": "out",
              "path": "/nix/store/v50q61cm5nx8qc6l120xy7zglvq8paha-python3.12-whisper-20240930",
              "default": true
            },
            {
              "name": "dist",
              "path": "/nix/store/zp6hbnwpcgm68fhj4738drkbi9nfjfp2-python3.12-whisper-20240930-dist"
            }
          ],
          "store_path": "/nix/store/v50q61cm5nx8qc6l120xy7zglvq8paha-python3.12-whisper-20240930"
        },
        "aarch64-linux": {
          "outputs": [
            {
              "name": "out",
              "path": "/nix/store/23f25hlgyxr06w8wj3ck60v3zw8jykpw-python3.12-whisper-20240930",
              "default": true
            },
            {
              "name": "dist",
              "path": "/nix/store/9zwfzcc6gas5fmsmfx66v31xkvzvn73j-python3.12-whisper-20240930-dist"
            }
          ],
          "store_path": "/nix/store/23f25hlgyxr06w8wj3ck60v3zw8jykpw-python3.12-whisper-20240930"
        },
        "x86_64-darwin": {
          "outputs": [
            {
              "name": "out",
              "path": "/nix/store/4fvva64shm71k57mzpkapw3m9p0lq9c7-python3.12-whisper-20240930",
              "default": true
            },
            {
              "name": "dist",
              "path": "/nix/store/1i5lj5x499md21zcci00xyr48wgikkjv-python3.12-whisper-20240930-dist"
            }
          ],
          "store_path": "/nix/store/4fvva64shm71k57mzpkapw3m9p0lq9c7-python3.12-whisper-20240930"
        },
        "x86_64-linux": {
          "outputs": [
            {
              "name": "out",
              "path": "/nix/store/nrhlfw0q0w62r3ihdyrac6an8kl3c4db-python3.12-whisper-20240930",
              "default": true
            },
            {
              "name": "dist",
              "path": "/nix/store/sakb6wgas3agc542niza4msrchahvnzj-python3.12-whisper-20240930-dist"
            }
          ],
          "store_path": "/nix/store/nrhlfw0q0w62r3ihdyrac6an8kl3c4db-python3.12-whisper-20240930"
        }
      }
    },
    "process-compose@1.46.0": {
      "last_modified": "2024-12-23T21:10:33Z",
      "resolved": "github:NixOS/nixpkgs/de1864217bfa9b5845f465e771e0ecb48b30e02d#process-compose",
      "source": "devbox-search",
      "version": "1.46.0",
      "systems": {
        "aarch64-darwin": {
          "outputs": [
            {
              "name": "out",
              "path": "/nix/store/yh1dvjqdjgnpimqg9zr99n0d1vh8nmz9-process-compose-1.46.0",
              "default": true
            }
          ],
          "store_path": "/nix/store/yh1dvjqdjgnpimqg9zr99n0d1vh8nmz9-process-compose-1.46.0"
        },
        "aarch64-linux": {
          "outputs": [
            {
              "name": "out",
              "path": "/nix/store/fylbhpii8x0khy6bbp7k9884q14nsrzi-process-compose-1.46.0",
              "default": true
            }
          ],
          "store_path": "/nix/store/fylbhpii8x0khy6bbp7k9884q14nsrzi-process-compose-1.46.0"
        },
        "x86_64-darwin": {
          "outputs": [
            {
              "name": "out",
              "path": "/nix/store/yc1d9hv0kagf4dlmy2941i3glxxjcy53-process-compose-1.46.0",
              "default": true
            }
          ],
          "store_path": "/nix/store/yc1d9hv0kagf4dlmy2941i3glxxjcy53-process-compose-1.46.0"
        },
        "x86_64-linux": {
          "outputs": [
            {
              "name": "out",
              "path": "/nix/store/x6j7mgda458kfb07jjy57h0xx696ch5n-process-compose-1.46.0",
              "default": true
            }
          ],
          "store_path": "/nix/store/x6j7mgda458kfb07jjy57h0xx696ch5n-process-compose-1.46.0"
        }
      }
    },
    "protoc-gen-twirp@8.1.2": {
      "last_modified": "2022-10-22T16:07:30Z",
      "resolved": "github:NixOS/nixpkgs/31acb601e388eb7d552f137dbe5cb4677fdf1c3c#protoc-gen-twirp",
      "source": "devbox-search",
      "version": "8.1.2",
      "systems": {
        "aarch64-darwin": {
          "outputs": [
            {
              "name": "out",
              "path": "/nix/store/1n6kg0k9p8hm17hyvqh9lwa6yggwbyk0-protoc-gen-twirp-8.1.2",
              "default": true
            }
          ],
          "store_path": "/nix/store/1n6kg0k9p8hm17hyvqh9lwa6yggwbyk0-protoc-gen-twirp-8.1.2"
        },
        "aarch64-linux": {
          "outputs": [
            {
              "name": "out",
              "path": "/nix/store/cgy73nqf7hx3lvf2f1f02pn81bxpy8ds-protoc-gen-twirp-8.1.2",
              "default": true
            }
          ],
          "store_path": "/nix/store/cgy73nqf7hx3lvf2f1f02pn81bxpy8ds-protoc-gen-twirp-8.1.2"
        },
        "x86_64-darwin": {
          "outputs": [
            {
              "name": "out",
              "path": "/nix/store/92lgg4gqcyx50rcwm5am8d81izr475fx-protoc-gen-twirp-8.1.2",
              "default": true
            }
          ],
          "store_path": "/nix/store/92lgg4gqcyx50rcwm5am8d81izr475fx-protoc-gen-twirp-8.1.2"
        },
        "x86_64-linux": {
          "outputs": [
            {
              "name": "out",
              "path": "/nix/store/m3nirqp53y85lz70i7g45q6m683vakhn-protoc-gen-twirp-8.1.2",
              "default": true
            }
          ],
          "store_path": "/nix/store/m3nirqp53y85lz70i7g45q6m683vakhn-protoc-gen-twirp-8.1.2"
        }
      }
    },
    "pulumi-bin@3.137.0": {
      "last_modified": "2024-11-03T14:18:04Z",
      "resolved": "github:NixOS/nixpkgs/4ae2e647537bcdbb82265469442713d066675275#pulumi-bin",
      "source": "devbox-search",
      "version": "3.137.0",
      "systems": {
        "aarch64-darwin": {
          "outputs": [
            {
              "name": "out",
              "path": "/nix/store/myxnr962wgfjh5lki2ciq2yjabbc2jvg-pulumi-3.137.0",
              "default": true
            }
          ],
          "store_path": "/nix/store/myxnr962wgfjh5lki2ciq2yjabbc2jvg-pulumi-3.137.0"
        },
        "aarch64-linux": {
          "outputs": [
            {
              "name": "out",
              "path": "/nix/store/sln9m9ybc6z9fjd5w263g8z2n75jlh6p-pulumi-3.137.0",
              "default": true
            }
          ],
          "store_path": "/nix/store/sln9m9ybc6z9fjd5w263g8z2n75jlh6p-pulumi-3.137.0"
        },
        "x86_64-darwin": {
          "outputs": [
            {
              "name": "out",
              "path": "/nix/store/50afxfnvi1ai739vqh4vqyrqdlh4hnng-pulumi-3.137.0",
              "default": true
            }
          ],
          "store_path": "/nix/store/50afxfnvi1ai739vqh4vqyrqdlh4hnng-pulumi-3.137.0"
        },
        "x86_64-linux": {
          "outputs": [
            {
              "name": "out",
              "path": "/nix/store/zb0xqqshlfaqi07c5mdrdv4gpjrv2qqm-pulumi-3.137.0",
              "default": true
            }
          ],
          "store_path": "/nix/store/zb0xqqshlfaqi07c5mdrdv4gpjrv2qqm-pulumi-3.137.0"
        }
      }
    },
    "ruby@3.3.5": {
      "last_modified": "2024-12-03T12:40:06Z",
      "plugin_version": "0.0.2",
      "resolved": "github:NixOS/nixpkgs/566e53c2ad750c84f6d31f9ccb9d00f823165550#ruby",
      "source": "devbox-search",
      "version": "3.3.5",
      "systems": {
        "aarch64-darwin": {
          "outputs": [
            {
              "name": "out",
              "path": "/nix/store/x1frilk1vr0fnk5zl55bfyv27ychiv3d-ruby-3.3.5",
              "default": true
            },
            {
              "name": "devdoc",
              "path": "/nix/store/qbyqi9nj5yg8f4xm558ymlz9lk5fgzr7-ruby-3.3.5-devdoc"
            }
          ],
          "store_path": "/nix/store/x1frilk1vr0fnk5zl55bfyv27ychiv3d-ruby-3.3.5"
        },
        "aarch64-linux": {
          "outputs": [
            {
              "name": "out",
              "path": "/nix/store/sav56f0br714z8zc8vwchxas4izm2chj-ruby-3.3.5",
              "default": true
            },
            {
              "name": "devdoc",
              "path": "/nix/store/1han7xvbvh36d198sm4lp11c7w63kz8v-ruby-3.3.5-devdoc"
            }
          ],
          "store_path": "/nix/store/sav56f0br714z8zc8vwchxas4izm2chj-ruby-3.3.5"
        },
        "x86_64-darwin": {
          "outputs": [
            {
              "name": "out",
              "path": "/nix/store/dy6k8szppx7rpa0b3sdxm0q7ni75zbn4-ruby-3.3.5",
              "default": true
            },
            {
              "name": "devdoc",
              "path": "/nix/store/1j5dxwfvhqi65bzn4wqc23db7brd3hq4-ruby-3.3.5-devdoc"
            }
          ],
          "store_path": "/nix/store/dy6k8szppx7rpa0b3sdxm0q7ni75zbn4-ruby-3.3.5"
        },
        "x86_64-linux": {
          "outputs": [
            {
              "name": "out",
              "path": "/nix/store/0ws1v8mcnqh6zkhdw7i5p5yb0rvcx188-ruby-3.3.5",
              "default": true
            },
            {
              "name": "devdoc",
              "path": "/nix/store/3abwjizdsjmr85vms70zgsvjp0p7bgnr-ruby-3.3.5-devdoc"
            }
          ],
          "store_path": "/nix/store/0ws1v8mcnqh6zkhdw7i5p5yb0rvcx188-ruby-3.3.5"
        }
      }
    },
    "sqlite@latest": {
      "last_modified": "2025-05-06T08:06:31Z",
      "resolved": "github:NixOS/nixpkgs/1cb1c02a6b1b7cf67e3d7731cbbf327a53da9679#sqlite",
      "source": "devbox-search",
      "version": "3.48.0",
      "systems": {
        "aarch64-darwin": {
          "outputs": [
            {
              "name": "bin",
              "path": "/nix/store/7mn788vvz8284lilc3g51nsg82ip1lnk-sqlite-3.48.0-bin",
              "default": true
            },
            {
              "name": "man",
              "path": "/nix/store/nh3vk8k2m0zxf6dg644aq6a4ymbigzjn-sqlite-3.48.0-man",
              "default": true
            },
            {
              "name": "doc",
              "path": "/nix/store/q7a9niv9bgbws3d0gd0ccsn2zr9s9nxv-sqlite-3.48.0-doc"
            },
            {
              "name": "out",
              "path": "/nix/store/n2lq6c20vcrmgqcbkjzwip654jz1dmn8-sqlite-3.48.0"
            },
            {
              "name": "dev",
              "path": "/nix/store/2q2spc1h7mi1r5llz6qn1qcbfl56pca8-sqlite-3.48.0-dev"
            }
          ],
          "store_path": "/nix/store/7mn788vvz8284lilc3g51nsg82ip1lnk-sqlite-3.48.0-bin"
        },
        "aarch64-linux": {
          "outputs": [
            {
              "name": "bin",
              "path": "/nix/store/laamcffmxha9ihi08rnmm6p3bivjla6a-sqlite-3.48.0-bin",
              "default": true
            },
            {
              "name": "man",
              "path": "/nix/store/y345n40khcnznf7bcp1f24rim6qi5f6d-sqlite-3.48.0-man",
              "default": true
            },
            {
              "name": "debug",
              "path": "/nix/store/h61vq35f8rp66xy9m64mqz9ic5d0aam6-sqlite-3.48.0-debug"
            },
            {
              "name": "dev",
              "path": "/nix/store/pmdq1pwk4j6cj90nsfcn5r3s1y6pkiwv-sqlite-3.48.0-dev"
            },
            {
              "name": "doc",
              "path": "/nix/store/scziwdf7x4xyc6zqlw15rl0k207vq8jy-sqlite-3.48.0-doc"
            },
            {
              "name": "out",
              "path": "/nix/store/h1q0fl84nd9fh5rrf3b9ssrrrb6cqb27-sqlite-3.48.0"
            }
          ],
          "store_path": "/nix/store/laamcffmxha9ihi08rnmm6p3bivjla6a-sqlite-3.48.0-bin"
        },
        "x86_64-darwin": {
          "outputs": [
            {
              "name": "bin",
              "path": "/nix/store/dyf5qibksww3am4lajabvwapmsc6hd78-sqlite-3.48.0-bin",
              "default": true
            },
            {
              "name": "man",
              "path": "/nix/store/gx342d8zkjng4qmxy5svmng138bdy00q-sqlite-3.48.0-man",
              "default": true
            },
            {
              "name": "out",
              "path": "/nix/store/bnq6sdbk3fpid44la2jcrx6rr6fz6ws2-sqlite-3.48.0"
            },
            {
              "name": "dev",
              "path": "/nix/store/wxaw1jhv9jas5dm0p30vv68jwjmldcnx-sqlite-3.48.0-dev"
            },
            {
              "name": "doc",
              "path": "/nix/store/nrlm1l5yx2zq46gbph2j3jgzwfl0ganr-sqlite-3.48.0-doc"
            }
          ],
          "store_path": "/nix/store/dyf5qibksww3am4lajabvwapmsc6hd78-sqlite-3.48.0-bin"
        },
        "x86_64-linux": {
          "outputs": [
            {
              "name": "bin",
              "path": "/nix/store/gblaq1haiq65g86y4w2ps8fq172z8jyb-sqlite-3.48.0-bin",
              "default": true
            },
            {
              "name": "man",
              "path": "/nix/store/cgsjnwcdz71ckh88sg3y0sjycf114d6a-sqlite-3.48.0-man",
              "default": true
            },
            {
              "name": "debug",
              "path": "/nix/store/qsni03xai5vw9kxdxg0hz61q9kl7w7sy-sqlite-3.48.0-debug"
            },
            {
              "name": "dev",
              "path": "/nix/store/k84yn4jchmms84cic4zh5z6rp68qarjs-sqlite-3.48.0-dev"
            },
            {
              "name": "doc",
              "path": "/nix/store/fj9phkzp72y09jiah18w5ghb2ssy1qli-sqlite-3.48.0-doc"
            },
            {
              "name": "out",
              "path": "/nix/store/nff52xidq9f2qf93x5r5sr8zc8iwwa5j-sqlite-3.48.0"
            }
          ],
          "store_path": "/nix/store/gblaq1haiq65g86y4w2ps8fq172z8jyb-sqlite-3.48.0-bin"
        }
      }
    },
    "streamlink@6.11.0": {
      "last_modified": "2024-11-28T07:51:56Z",
      "resolved": "github:NixOS/nixpkgs/226216574ada4c3ecefcbbec41f39ce4655f78ef#streamlink",
      "source": "devbox-search",
      "version": "6.11.0",
      "systems": {
        "aarch64-darwin": {
          "outputs": [
            {
              "name": "out",
              "path": "/nix/store/2axk9zxibin1wzfrya24aczwf51z0znv-streamlink-6.11.0",
              "default": true
            },
            {
              "name": "dist",
              "path": "/nix/store/64vlkgblq0qikg74254fnvgzpjg9fq41-streamlink-6.11.0-dist"
            }
          ],
          "store_path": "/nix/store/2axk9zxibin1wzfrya24aczwf51z0znv-streamlink-6.11.0"
        },
        "aarch64-linux": {
          "outputs": [
            {
              "name": "out",
              "path": "/nix/store/a5m69mwqly4lzs1akndh1plil3yp7754-streamlink-6.11.0",
              "default": true
            },
            {
              "name": "dist",
              "path": "/nix/store/246s3ndmla86af0y17yjqkixi3ig0vvx-streamlink-6.11.0-dist"
            }
          ],
          "store_path": "/nix/store/a5m69mwqly4lzs1akndh1plil3yp7754-streamlink-6.11.0"
        },
        "x86_64-darwin": {
          "outputs": [
            {
              "name": "out",
              "path": "/nix/store/qwv8hi2as4s708p8h84s61j9295wzhck-streamlink-6.11.0",
              "default": true
            },
            {
              "name": "dist",
              "path": "/nix/store/dbby6xp0k0va2cdgpicb3wxsdzpnn4hd-streamlink-6.11.0-dist"
            }
          ],
          "store_path": "/nix/store/qwv8hi2as4s708p8h84s61j9295wzhck-streamlink-6.11.0"
        },
        "x86_64-linux": {
          "outputs": [
            {
              "name": "out",
              "path": "/nix/store/1zy7pwykp4v8qvx7s7qb4zvc9k2ivk85-streamlink-6.11.0",
              "default": true
            },
            {
              "name": "dist",
              "path": "/nix/store/f485gbzy64p14hdbc70kn0c6r9fnw5jy-streamlink-6.11.0-dist"
            }
          ],
          "store_path": "/nix/store/1zy7pwykp4v8qvx7s7qb4zvc9k2ivk85-streamlink-6.11.0"
        }
      }
    },
    "temporal-cli@latest": {
      "last_modified": "2025-05-16T20:19:48Z",
      "resolved": "github:NixOS/nixpkgs/12a55407652e04dcf2309436eb06fef0d3713ef3#temporal-cli",
      "source": "devbox-search",
      "version": "1.3.0",
      "systems": {
        "aarch64-darwin": {
          "outputs": [
            {
              "name": "out",
              "path": "/nix/store/ydmzwqqfhxvvk00s9wga2njwvcig4kgj-temporal-cli-1.3.0",
              "default": true
            }
          ],
          "store_path": "/nix/store/ydmzwqqfhxvvk00s9wga2njwvcig4kgj-temporal-cli-1.3.0"
        },
        "aarch64-linux": {
          "outputs": [
            {
              "name": "out",
              "path": "/nix/store/1xih2yamaqwg793wvplxf0lhaw79bb66-temporal-cli-1.3.0",
              "default": true
            }
          ],
          "store_path": "/nix/store/1xih2yamaqwg793wvplxf0lhaw79bb66-temporal-cli-1.3.0"
        },
        "x86_64-darwin": {
          "outputs": [
            {
              "name": "out",
              "path": "/nix/store/x51351zh68cx9l145x5fms8jqm3b5lpj-temporal-cli-1.3.0",
              "default": true
            }
          ],
          "store_path": "/nix/store/x51351zh68cx9l145x5fms8jqm3b5lpj-temporal-cli-1.3.0"
        },
        "x86_64-linux": {
          "outputs": [
            {
              "name": "out",
              "path": "/nix/store/lgpqdyd00r0fnk1qkvb0wlzqg91pvq6n-temporal-cli-1.3.0",
              "default": true
            }
          ],
          "store_path": "/nix/store/lgpqdyd00r0fnk1qkvb0wlzqg91pvq6n-temporal-cli-1.3.0"
        }
      }
    },
    "twitch-cli@1.1.25": {
      "last_modified": "2025-07-13T22:45:35Z",
      "resolved": "github:NixOS/nixpkgs/a421ac6595024edcfbb1ef950a3712b89161c359#twitch-cli",
      "source": "devbox-search",
      "version": "1.1.25",
      "systems": {
        "aarch64-darwin": {
          "outputs": [
            {
              "name": "out",
              "path": "/nix/store/snp82rw086dhxwf9hk1fcgq7mvxbmvks-twitch-cli-1.1.25",
              "default": true
            }
          ],
          "store_path": "/nix/store/snp82rw086dhxwf9hk1fcgq7mvxbmvks-twitch-cli-1.1.25"
        },
        "aarch64-linux": {
          "outputs": [
            {
              "name": "out",
              "path": "/nix/store/q3dmpmrpybrbwis3sjx07hbiflx9q2by-twitch-cli-1.1.25",
              "default": true
            }
          ],
          "store_path": "/nix/store/q3dmpmrpybrbwis3sjx07hbiflx9q2by-twitch-cli-1.1.25"
        },
        "x86_64-darwin": {
          "outputs": [
            {
              "name": "out",
              "path": "/nix/store/g3vlm90984krkpbblvd33yl7xjk0q59y-twitch-cli-1.1.25",
              "default": true
            }
          ],
          "store_path": "/nix/store/g3vlm90984krkpbblvd33yl7xjk0q59y-twitch-cli-1.1.25"
        },
        "x86_64-linux": {
          "outputs": [
            {
              "name": "out",
              "path": "/nix/store/qbhkmwz4k279mhh7kmkz5p0ryr3p6cwm-twitch-cli-1.1.25",
              "default": true
            }
          ],
          "store_path": "/nix/store/qbhkmwz4k279mhh7kmkz5p0ryr3p6cwm-twitch-cli-1.1.25"
        }
      }
    },
    "uv@latest": {
      "last_modified": "2025-03-13T11:38:39Z",
      "resolved": "github:NixOS/nixpkgs/573c650e8a14b2faa0041645ab18aed7e60f0c9a#uv",
      "source": "devbox-search",
      "version": "0.6.6",
      "systems": {
        "aarch64-darwin": {
          "outputs": [
            {
              "name": "out",
              "path": "/nix/store/lqnkdyvl5zll2fq5a5ph17mqznms78xy-uv-0.6.6",
              "default": true
            }
          ],
          "store_path": "/nix/store/lqnkdyvl5zll2fq5a5ph17mqznms78xy-uv-0.6.6"
        },
        "aarch64-linux": {
          "outputs": [
            {
              "name": "out",
              "path": "/nix/store/lspam7dhns0rh2q7gsyq40z8ly76gmcb-uv-0.6.6",
              "default": true
            }
          ],
          "store_path": "/nix/store/lspam7dhns0rh2q7gsyq40z8ly76gmcb-uv-0.6.6"
        },
        "x86_64-darwin": {
          "outputs": [
            {
              "name": "out",
              "path": "/nix/store/nf8isgl8kgny907z7461xbm76lwqn5lc-uv-0.6.6",
              "default": true
            }
          ],
          "store_path": "/nix/store/nf8isgl8kgny907z7461xbm76lwqn5lc-uv-0.6.6"
        },
        "x86_64-linux": {
          "outputs": [
            {
              "name": "out",
              "path": "/nix/store/w2r38hkwz7f9h0f3pdyzfb2ds7z9sygs-uv-0.6.6",
              "default": true
            }
          ],
          "store_path": "/nix/store/w2r38hkwz7f9h0f3pdyzfb2ds7z9sygs-uv-0.6.6"
        }
      }
    }
  }
}
