{
  "lockfile_version": "1",
  "packages": {
    "inotify-tools@latest": {
      "last_modified": "2024-09-10T15:01:03Z",
      "resolved": "github:NixOS/nixpkgs/5ed627539ac84809c78b2dd6d26a5cebeb5ae269#inotify-tools",
      "source": "devbox-search",
      "version": "4.23.9.0",
      "systems": {
        "aarch64-linux": {
          "outputs": [
            {
              "name": "out",
              "path": "/nix/store/zm3592zxg0psjgjv32ivx119vb4zdbia-inotify-tools-4.23.9.0",
              "default": true
            }
          ],
          "store_path": "/nix/store/zm3592zxg0psjgjv32ivx119vb4zdbia-inotify-tools-4.23.9.0"
        },
        "x86_64-linux": {
          "outputs": [
            {
              "name": "out",
              "path": "/nix/store/c7lxmwsnnh3865advh3vj2z3qdcrkcv1-inotify-tools-4.23.9.0",
              "default": true
            }
          ],
          "store_path": "/nix/store/c7lxmwsnnh3865advh3vj2z3qdcrkcv1-inotify-tools-4.23.9.0"
        }
      }
    },
    "openai-whisper@latest": {
      "last_modified": "2024-10-01T10:04:10Z",
      "resolved": "github:NixOS/nixpkgs/d78d09350ac7dfe503cf48cbc59764aef4157b9a#openai-whisper",
      "source": "devbox-search",
      "version": "20240930",
      "systems": {
        "aarch64-darwin": {
          "outputs": [
            {
              "name": "out",
              "path": "/nix/store/i0larz1sx0swy2pj1kq11f2ccdmqcgd5-python3.12-whisper-20240930",
              "default": true
            },
            {
              "name": "dist",
              "path": "/nix/store/xb8800s6yvs0hz69knzylggb2jg5sg30-python3.12-whisper-20240930-dist"
            }
          ],
          "store_path": "/nix/store/i0larz1sx0swy2pj1kq11f2ccdmqcgd5-python3.12-whisper-20240930"
        },
        "aarch64-linux": {
          "outputs": [
            {
              "name": "out",
              "path": "/nix/store/72hnfvp5xmsirspp9iz6xrfvq112pqck-python3.12-whisper-20240930",
              "default": true
            },
            {
              "name": "dist",
              "path": "/nix/store/w1zjbpbliazjgdpcgadvb1ssn6qcynm6-python3.12-whisper-20240930-dist"
            }
          ],
          "store_path": "/nix/store/72hnfvp5xmsirspp9iz6xrfvq112pqck-python3.12-whisper-20240930"
        },
        "x86_64-darwin": {
          "outputs": [
            {
              "name": "out",
              "path": "/nix/store/54h8p1vw6x09a5px4d6x780hjcm7db0i-python3.12-whisper-20240930",
              "default": true
            },
            {
              "name": "dist",
              "path": "/nix/store/s3lpsl3gdyyr2s8n49vbxfif8yq9z2r2-python3.12-whisper-20240930-dist"
            }
          ],
          "store_path": "/nix/store/54h8p1vw6x09a5px4d6x780hjcm7db0i-python3.12-whisper-20240930"
        },
        "x86_64-linux": {
          "outputs": [
            {
              "name": "out",
              "path": "/nix/store/i2xz2pj2pcqa0g2c50mqb10n9clp9is4-python3.12-whisper-20240930",
              "default": true
            },
            {
              "name": "dist",
              "path": "/nix/store/c2d614ycwmad03gy96cp5cpzbd9d62l0-python3.12-whisper-20240930-dist"
            }
          ],
          "store_path": "/nix/store/i2xz2pj2pcqa0g2c50mqb10n9clp9is4-python3.12-whisper-20240930"
        }
      }
    },
    "streamlink@latest": {
      "last_modified": "2024-10-05T01:53:10Z",
      "resolved": "github:NixOS/nixpkgs/e2f08f4d8b3ecb5cf5c9fd9cb2d53bb3c71807da#streamlink",
      "source": "devbox-search",
      "version": "6.11.0",
      "systems": {
        "aarch64-darwin": {
          "outputs": [
            {
              "name": "out",
              "path": "/nix/store/a3c0mn3sld8iznpij2vqm442jih6pzg7-streamlink-6.11.0",
              "default": true
            },
            {
              "name": "dist",
              "path": "/nix/store/njg5rsy4dlv94cyk8fs6w64gzfxkrzg6-streamlink-6.11.0-dist"
            }
          ],
          "store_path": "/nix/store/a3c0mn3sld8iznpij2vqm442jih6pzg7-streamlink-6.11.0"
        },
        "aarch64-linux": {
          "outputs": [
            {
              "name": "out",
              "path": "/nix/store/yxzl9jysbalb5nrxcc20nw6mgkpgxk2n-streamlink-6.11.0",
              "default": true
            },
            {
              "name": "dist",
              "path": "/nix/store/d2k10xvd5lspapqzjb50s4v2hykmqzis-streamlink-6.11.0-dist"
            }
          ],
          "store_path": "/nix/store/yxzl9jysbalb5nrxcc20nw6mgkpgxk2n-streamlink-6.11.0"
        },
        "x86_64-darwin": {
          "outputs": [
            {
              "name": "out",
              "path": "/nix/store/m289kdv1p6r6r480wc9y6jd6k9ibj9xb-streamlink-6.11.0",
              "default": true
            },
            {
              "name": "dist",
              "path": "/nix/store/005ydipk5h7pqjbbc20rd8vhj2b0jxd6-streamlink-6.11.0-dist"
            }
          ],
          "store_path": "/nix/store/m289kdv1p6r6r480wc9y6jd6k9ibj9xb-streamlink-6.11.0"
        },
        "x86_64-linux": {
          "outputs": [
            {
              "name": "out",
              "path": "/nix/store/x3vcizg6ir7cjlxsjvp40ja3zhrk9sqf-streamlink-6.11.0",
              "default": true
            },
            {
              "name": "dist",
              "path": "/nix/store/xj8jrszngdr4alah9ccajk88dr7lfh8d-streamlink-6.11.0-dist"
            }
          ],
          "store_path": "/nix/store/x3vcizg6ir7cjlxsjvp40ja3zhrk9sqf-streamlink-6.11.0"
        }
      }
    }
  }
}
